
Microsoft Visual Studio Solution File, Format Version 12.00
# Visual Studio Version 17
VisualStudioVersion = 17.0.31903.59
MinimumVisualStudioVersion = 10.0.40219.1
Project("{2150E333-8FDC-42A3-9474-1A3956D46DE8}") = "src", "src", "{827E0CD3-B72D-47B6-A68D-7590B98EB39B}"
EndProject
Project("{FAE04EC0-301F-11D3-BF4B-00C04F79EFBC}") = "APIPlatform.Foundation", "src\APIPlatform.Foundation\APIPlatform.Foundation.csproj", "{5BAB31A7-E136-4580-9D56-7C355E1E2578}"
EndProject
Project("{FAE04EC0-301F-11D3-BF4B-00C04F79EFBC}") = "APIPlatform.Shared", "src\APIPlatform.Shared\APIPlatform.Shared.csproj", "{DA9DF242-823D-44D7-AC20-08B0BFEC1727}"
EndProject
Project("{FAE04EC0-301F-11D3-BF4B-00C04F79EFBC}") = "APIPlatform.Logging", "src\APIPlatform.Logging\APIPlatform.Logging.csproj", "{CF5B4189-F717-43C1-AA74-261DDD39BC27}"
EndProject
Project("{FAE04EC0-301F-11D3-BF4B-00C04F79EFBC}") = "APIPlatform.Configuration", "src\APIPlatform.Configuration\APIPlatform.Configuration.csproj", "{C6B0FC02-8462-45EA-AADB-397ED94AA64C}"
EndProject
Project("{FAE04EC0-301F-11D3-BF4B-00C04F79EFBC}") = "APIPlatform.Validation", "src\APIPlatform.Validation\APIPlatform.Validation.csproj", "{4CCC577C-6398-47FE-A49D-1E7F50787629}"
EndProject
Project("{FAE04EC0-301F-11D3-BF4B-00C04F79EFBC}") = "APIPlatform.Data", "src\APIPlatform.Database\APIPlatform.Data.csproj", "{FCCCAF1E-B4DD-4E5A-AD15-E3336F492FC2}"
EndProject
Project("{2150E333-8FDC-42A3-9474-1A3956D46DE8}") = "tests", "tests", "{E9B127F5-8973-49B0-B933-1E589C0E7ECF}"
EndProject
Project("{FAE04EC0-301F-11D3-BF4B-00C04F79EFBC}") = "APIPlatform.Database.Tests", "tests\APIPlatform.Database.Tests\APIPlatform.Database.Tests.csproj", "{66C732D2-FAA9-47C4-9310-6968F067CC08}"
EndProject
Project("{FAE04EC0-301F-11D3-BF4B-00C04F79EFBC}") = "APIPlatform.Notification", "src\APIPlatform.Notification\APIPlatform.Notification.csproj", "{FD286AED-2BED-4D46-AB8B-54506F030C4F}"
EndProject
Project("{2150E333-8FDC-42A3-9474-1A3956D46DE8}") = "APIPlatform.Database", "APIPlatform.Database", "{2C898949-7EFF-9F65-C182-0D33719A954D}"
EndProject
Project("{FAE04EC0-301F-11D3-BF4B-00C04F79EFBC}") = "APIPlatform.Notification.Tests", "tests\APIPlatform.Notification.Tests\APIPlatform.Notification.Tests.csproj", "{3A7AE24F-D5A1-42BE-A12C-8DBD58FEC728}"
EndProject
Project("{FAE04EC0-301F-11D3-BF4B-00C04F79EFBC}") = "APIPlatform.Database.Migration", "src\APIPlatform.Database.Migration\APIPlatform.Database.Migration.csproj", "{223F771A-D083-4D73-B0FF-B2FA7AF8DA09}"
EndProject
Project("{FAE04EC0-301F-11D3-BF4B-00C04F79EFBC}") = "APIPlatform.Database.Migration.Tests", "tests\APIPlatform.Database.Migration.Tests\APIPlatform.Database.Migration.Tests.csproj", "{7CFF7D72-9938-4C1C-A062-3F973889CE93}"
EndProject
Project("{2150E333-8FDC-42A3-9474-1A3956D46DE8}") = "nucleus", "nucleus", "{81004BB9-3CF3-F33A-9A98-8EA950F2AE61}"
EndProject
Project("{FAE04EC0-301F-11D3-BF4B-00C04F79EFBC}") = "Nucleus.SharedSchema", "..\nucleus\shared\Nucleus.SharedSchema\Nucleus.SharedSchema.csproj", "{82AE5A0D-6D7C-4ED2-B1A9-886129FC41DF}"
EndProject
Project("{FAE04EC0-301F-11D3-BF4B-00C04F79EFBC}") = "APIPlatform.CrudEngine", "src\APIPlatform.CrudEngine\APIPlatform.CrudEngine.csproj", "{03B0AC76-88EE-4C44-824D-7F9ACC02E4BC}"
EndProject
Project("{2150E333-8FDC-42A3-9474-1A3956D46DE8}") = "Authorization", "Authorization", "{278F3FFB-8C21-435B-507F-61B78986A400}"
EndProject
Project("{FAE04EC0-301F-11D3-BF4B-00C04F79EFBC}") = "APIPlatform.Rbac", "src\APIPlatform.Authorization\APIPlatform.Rbac\APIPlatform.Rbac.csproj", "{9D1C4775-7F29-4B0B-83C6-A157D7536ECB}"
EndProject
Project("{FAE04EC0-301F-11D3-BF4B-00C04F79EFBC}") = "Nucleus.SharedSchema.Stub", "src\APIPlatform.Authorization\Nucleus.SharedSchema.Stub\Nucleus.SharedSchema.Stub.csproj", "{BBEF6F82-24EF-490C-9180-5F590C46F929}"
EndProject
Project("{FAE04EC0-301F-11D3-BF4B-00C04F79EFBC}") = "Nucleus.TestHarness.Rbac", "src\APIPlatform.Authorization\Nucleus.TestHarness.Rbac\Nucleus.TestHarness.Rbac.csproj", "{D80648FE-60E9-44A1-A158-49DAE0DA6D01}"
EndProject
Project("{FAE04EC0-301F-11D3-BF4B-00C04F79EFBC}") = "Nucleus.SharedSchema.Tests", "..\nucleus\shared\Nucleus.SharedSchema.Tests\Nucleus.SharedSchema.Tests.csproj", "{9BCBB433-4213-4D03-9F6F-DE0D9045D3E2}"
EndProject
Project("{FAE04EC0-301F-11D3-BF4B-00C04F79EFBC}") = "APIPlatform.CrudEngine.Tests", "tests\APIPlatform.CrudEngine.Tests\APIPlatform.CrudEngine.Tests.csproj", "{2E8F05ED-2D0D-42EA-9DF0-4520FC3E5432}"
EndProject
Project("{FAE04EC0-301F-11D3-BF4B-00C04F79EFBC}") = "APIPlatform.Rbac.Tests", "tests\APIPlatform.Rbac.Tests\APIPlatform.Rbac.Tests.csproj", "{88AB1BD5-0D44-40AC-AB74-8B9029A3B8B2}"
EndProject
Global
	GlobalSection(SolutionConfigurationPlatforms) = preSolution
		Debug|Any CPU = Debug|Any CPU
		Debug|x64 = Debug|x64
		Debug|x86 = Debug|x86
		Release|Any CPU = Release|Any CPU
		Release|x64 = Release|x64
		Release|x86 = Release|x86
	EndGlobalSection
	GlobalSection(ProjectConfigurationPlatforms) = postSolution
		{5BAB31A7-E136-4580-9D56-7C355E1E2578}.Debug|Any CPU.ActiveCfg = Debug|Any CPU
		{5BAB31A7-E136-4580-9D56-7C355E1E2578}.Debug|Any CPU.Build.0 = Debug|Any CPU
		{5BAB31A7-E136-4580-9D56-7C355E1E2578}.Debug|x64.ActiveCfg = Debug|Any CPU
		{5BAB31A7-E136-4580-9D56-7C355E1E2578}.Debug|x64.Build.0 = Debug|Any CPU
		{5BAB31A7-E136-4580-9D56-7C355E1E2578}.Debug|x86.ActiveCfg = Debug|Any CPU
		{5BAB31A7-E136-4580-9D56-7C355E1E2578}.Debug|x86.Build.0 = Debug|Any CPU
		{5BAB31A7-E136-4580-9D56-7C355E1E2578}.Release|Any CPU.ActiveCfg = Release|Any CPU
		{5BAB31A7-E136-4580-9D56-7C355E1E2578}.Release|Any CPU.Build.0 = Release|Any CPU
		{5BAB31A7-E136-4580-9D56-7C355E1E2578}.Release|x64.ActiveCfg = Release|Any CPU
		{5BAB31A7-E136-4580-9D56-7C355E1E2578}.Release|x64.Build.0 = Release|Any CPU
		{5BAB31A7-E136-4580-9D56-7C355E1E2578}.Release|x86.ActiveCfg = Release|Any CPU
		{5BAB31A7-E136-4580-9D56-7C355E1E2578}.Release|x86.Build.0 = Release|Any CPU
		{DA9DF242-823D-44D7-AC20-08B0BFEC1727}.Debug|Any CPU.ActiveCfg = Debug|Any CPU
		{DA9DF242-823D-44D7-AC20-08B0BFEC1727}.Debug|Any CPU.Build.0 = Debug|Any CPU
		{DA9DF242-823D-44D7-AC20-08B0BFEC1727}.Debug|x64.ActiveCfg = Debug|Any CPU
		{DA9DF242-823D-44D7-AC20-08B0BFEC1727}.Debug|x64.Build.0 = Debug|Any CPU
		{DA9DF242-823D-44D7-AC20-08B0BFEC1727}.Debug|x86.ActiveCfg = Debug|Any CPU
		{DA9DF242-823D-44D7-AC20-08B0BFEC1727}.Debug|x86.Build.0 = Debug|Any CPU
		{DA9DF242-823D-44D7-AC20-08B0BFEC1727}.Release|Any CPU.ActiveCfg = Release|Any CPU
		{DA9DF242-823D-44D7-AC20-08B0BFEC1727}.Release|Any CPU.Build.0 = Release|Any CPU
		{DA9DF242-823D-44D7-AC20-08B0BFEC1727}.Release|x64.ActiveCfg = Release|Any CPU
		{DA9DF242-823D-44D7-AC20-08B0BFEC1727}.Release|x64.Build.0 = Release|Any CPU
		{DA9DF242-823D-44D7-AC20-08B0BFEC1727}.Release|x86.ActiveCfg = Release|Any CPU
		{DA9DF242-823D-44D7-AC20-08B0BFEC1727}.Release|x86.Build.0 = Release|Any CPU
		{CF5B4189-F717-43C1-AA74-261DDD39BC27}.Debug|Any CPU.ActiveCfg = Debug|Any CPU
		{CF5B4189-F717-43C1-AA74-261DDD39BC27}.Debug|Any CPU.Build.0 = Debug|Any CPU
		{CF5B4189-F717-43C1-AA74-261DDD39BC27}.Debug|x64.ActiveCfg = Debug|Any CPU
		{CF5B4189-F717-43C1-AA74-261DDD39BC27}.Debug|x64.Build.0 = Debug|Any CPU
		{CF5B4189-F717-43C1-AA74-261DDD39BC27}.Debug|x86.ActiveCfg = Debug|Any CPU
		{CF5B4189-F717-43C1-AA74-261DDD39BC27}.Debug|x86.Build.0 = Debug|Any CPU
		{CF5B4189-F717-43C1-AA74-261DDD39BC27}.Release|Any CPU.ActiveCfg = Release|Any CPU
		{CF5B4189-F717-43C1-AA74-261DDD39BC27}.Release|Any CPU.Build.0 = Release|Any CPU
		{CF5B4189-F717-43C1-AA74-261DDD39BC27}.Release|x64.ActiveCfg = Release|Any CPU
		{CF5B4189-F717-43C1-AA74-261DDD39BC27}.Release|x64.Build.0 = Release|Any CPU
		{CF5B4189-F717-43C1-AA74-261DDD39BC27}.Release|x86.ActiveCfg = Release|Any CPU
		{CF5B4189-F717-43C1-AA74-261DDD39BC27}.Release|x86.Build.0 = Release|Any CPU
		{C6B0FC02-8462-45EA-AADB-397ED94AA64C}.Debug|Any CPU.ActiveCfg = Debug|Any CPU
		{C6B0FC02-8462-45EA-AADB-397ED94AA64C}.Debug|Any CPU.Build.0 = Debug|Any CPU
		{C6B0FC02-8462-45EA-AADB-397ED94AA64C}.Debug|x64.ActiveCfg = Debug|Any CPU
		{C6B0FC02-8462-45EA-AADB-397ED94AA64C}.Debug|x64.Build.0 = Debug|Any CPU
		{C6B0FC02-8462-45EA-AADB-397ED94AA64C}.Debug|x86.ActiveCfg = Debug|Any CPU
		{C6B0FC02-8462-45EA-AADB-397ED94AA64C}.Debug|x86.Build.0 = Debug|Any CPU
		{C6B0FC02-8462-45EA-AADB-397ED94AA64C}.Release|Any CPU.ActiveCfg = Release|Any CPU
		{C6B0FC02-8462-45EA-AADB-397ED94AA64C}.Release|Any CPU.Build.0 = Release|Any CPU
		{C6B0FC02-8462-45EA-AADB-397ED94AA64C}.Release|x64.ActiveCfg = Release|Any CPU
		{C6B0FC02-8462-45EA-AADB-397ED94AA64C}.Release|x64.Build.0 = Release|Any CPU
		{C6B0FC02-8462-45EA-AADB-397ED94AA64C}.Release|x86.ActiveCfg = Release|Any CPU
		{C6B0FC02-8462-45EA-AADB-397ED94AA64C}.Release|x86.Build.0 = Release|Any CPU
		{4CCC577C-6398-47FE-A49D-1E7F50787629}.Debug|Any CPU.ActiveCfg = Debug|Any CPU
		{4CCC577C-6398-47FE-A49D-1E7F50787629}.Debug|Any CPU.Build.0 = Debug|Any CPU
		{4CCC577C-6398-47FE-A49D-1E7F50787629}.Debug|x64.ActiveCfg = Debug|Any CPU
		{4CCC577C-6398-47FE-A49D-1E7F50787629}.Debug|x64.Build.0 = Debug|Any CPU
		{4CCC577C-6398-47FE-A49D-1E7F50787629}.Debug|x86.ActiveCfg = Debug|Any CPU
		{4CCC577C-6398-47FE-A49D-1E7F50787629}.Debug|x86.Build.0 = Debug|Any CPU
		{4CCC577C-6398-47FE-A49D-1E7F50787629}.Release|Any CPU.ActiveCfg = Release|Any CPU
		{4CCC577C-6398-47FE-A49D-1E7F50787629}.Release|Any CPU.Build.0 = Release|Any CPU
		{4CCC577C-6398-47FE-A49D-1E7F50787629}.Release|x64.ActiveCfg = Release|Any CPU
		{4CCC577C-6398-47FE-A49D-1E7F50787629}.Release|x64.Build.0 = Release|Any CPU
		{4CCC577C-6398-47FE-A49D-1E7F50787629}.Release|x86.ActiveCfg = Release|Any CPU
		{4CCC577C-6398-47FE-A49D-1E7F50787629}.Release|x86.Build.0 = Release|Any CPU
		{FCCCAF1E-B4DD-4E5A-AD15-E3336F492FC2}.Debug|Any CPU.ActiveCfg = Debug|Any CPU
		{FCCCAF1E-B4DD-4E5A-AD15-E3336F492FC2}.Debug|Any CPU.Build.0 = Debug|Any CPU
		{FCCCAF1E-B4DD-4E5A-AD15-E3336F492FC2}.Debug|x64.ActiveCfg = Debug|Any CPU
		{FCCCAF1E-B4DD-4E5A-AD15-E3336F492FC2}.Debug|x64.Build.0 = Debug|Any CPU
		{FCCCAF1E-B4DD-4E5A-AD15-E3336F492FC2}.Debug|x86.ActiveCfg = Debug|Any CPU
		{FCCCAF1E-B4DD-4E5A-AD15-E3336F492FC2}.Debug|x86.Build.0 = Debug|Any CPU
		{FCCCAF1E-B4DD-4E5A-AD15-E3336F492FC2}.Release|Any CPU.ActiveCfg = Release|Any CPU
		{FCCCAF1E-B4DD-4E5A-AD15-E3336F492FC2}.Release|Any CPU.Build.0 = Release|Any CPU
		{FCCCAF1E-B4DD-4E5A-AD15-E3336F492FC2}.Release|x64.ActiveCfg = Release|Any CPU
		{FCCCAF1E-B4DD-4E5A-AD15-E3336F492FC2}.Release|x64.Build.0 = Release|Any CPU
		{FCCCAF1E-B4DD-4E5A-AD15-E3336F492FC2}.Release|x86.ActiveCfg = Release|Any CPU
		{FCCCAF1E-B4DD-4E5A-AD15-E3336F492FC2}.Release|x86.Build.0 = Release|Any CPU
		{66C732D2-FAA9-47C4-9310-6968F067CC08}.Debug|Any CPU.ActiveCfg = Debug|Any CPU
		{66C732D2-FAA9-47C4-9310-6968F067CC08}.Debug|Any CPU.Build.0 = Debug|Any CPU
		{66C732D2-FAA9-47C4-9310-6968F067CC08}.Debug|x64.ActiveCfg = Debug|Any CPU
		{66C732D2-FAA9-47C4-9310-6968F067CC08}.Debug|x64.Build.0 = Debug|Any CPU
		{66C732D2-FAA9-47C4-9310-6968F067CC08}.Debug|x86.ActiveCfg = Debug|Any CPU
		{66C732D2-FAA9-47C4-9310-6968F067CC08}.Debug|x86.Build.0 = Debug|Any CPU
		{66C732D2-FAA9-47C4-9310-6968F067CC08}.Release|Any CPU.ActiveCfg = Release|Any CPU
		{66C732D2-FAA9-47C4-9310-6968F067CC08}.Release|Any CPU.Build.0 = Release|Any CPU
		{66C732D2-FAA9-47C4-9310-6968F067CC08}.Release|x64.ActiveCfg = Release|Any CPU
		{66C732D2-FAA9-47C4-9310-6968F067CC08}.Release|x64.Build.0 = Release|Any CPU
		{66C732D2-FAA9-47C4-9310-6968F067CC08}.Release|x86.ActiveCfg = Release|Any CPU
		{66C732D2-FAA9-47C4-9310-6968F067CC08}.Release|x86.Build.0 = Release|Any CPU
		{FD286AED-2BED-4D46-AB8B-54506F030C4F}.Debug|Any CPU.ActiveCfg = Debug|Any CPU
		{FD286AED-2BED-4D46-AB8B-54506F030C4F}.Debug|Any CPU.Build.0 = Debug|Any CPU
		{FD286AED-2BED-4D46-AB8B-54506F030C4F}.Debug|x64.ActiveCfg = Debug|Any CPU
		{FD286AED-2BED-4D46-AB8B-54506F030C4F}.Debug|x64.Build.0 = Debug|Any CPU
		{FD286AED-2BED-4D46-AB8B-54506F030C4F}.Debug|x86.ActiveCfg = Debug|Any CPU
		{FD286AED-2BED-4D46-AB8B-54506F030C4F}.Debug|x86.Build.0 = Debug|Any CPU
		{FD286AED-2BED-4D46-AB8B-54506F030C4F}.Release|Any CPU.ActiveCfg = Release|Any CPU
		{FD286AED-2BED-4D46-AB8B-54506F030C4F}.Release|Any CPU.Build.0 = Release|Any CPU
		{FD286AED-2BED-4D46-AB8B-54506F030C4F}.Release|x64.ActiveCfg = Release|Any CPU
		{FD286AED-2BED-4D46-AB8B-54506F030C4F}.Release|x64.Build.0 = Release|Any CPU
		{FD286AED-2BED-4D46-AB8B-54506F030C4F}.Release|x86.ActiveCfg = Release|Any CPU
		{FD286AED-2BED-4D46-AB8B-54506F030C4F}.Release|x86.Build.0 = Release|Any CPU
		{3A7AE24F-D5A1-42BE-A12C-8DBD58FEC728}.Debug|Any CPU.ActiveCfg = Debug|Any CPU
		{3A7AE24F-D5A1-42BE-A12C-8DBD58FEC728}.Debug|Any CPU.Build.0 = Debug|Any CPU
		{3A7AE24F-D5A1-42BE-A12C-8DBD58FEC728}.Debug|x64.ActiveCfg = Debug|Any CPU
		{3A7AE24F-D5A1-42BE-A12C-8DBD58FEC728}.Debug|x64.Build.0 = Debug|Any CPU
		{3A7AE24F-D5A1-42BE-A12C-8DBD58FEC728}.Debug|x86.ActiveCfg = Debug|Any CPU
		{3A7AE24F-D5A1-42BE-A12C-8DBD58FEC728}.Debug|x86.Build.0 = Debug|Any CPU
		{3A7AE24F-D5A1-42BE-A12C-8DBD58FEC728}.Release|Any CPU.ActiveCfg = Release|Any CPU
		{3A7AE24F-D5A1-42BE-A12C-8DBD58FEC728}.Release|Any CPU.Build.0 = Release|Any CPU
		{3A7AE24F-D5A1-42BE-A12C-8DBD58FEC728}.Release|x64.ActiveCfg = Release|Any CPU
		{3A7AE24F-D5A1-42BE-A12C-8DBD58FEC728}.Release|x64.Build.0 = Release|Any CPU
		{3A7AE24F-D5A1-42BE-A12C-8DBD58FEC728}.Release|x86.ActiveCfg = Release|Any CPU
		{3A7AE24F-D5A1-42BE-A12C-8DBD58FEC728}.Release|x86.Build.0 = Release|Any CPU
		{223F771A-D083-4D73-B0FF-B2FA7AF8DA09}.Debug|Any CPU.ActiveCfg = Debug|Any CPU
		{223F771A-D083-4D73-B0FF-B2FA7AF8DA09}.Debug|Any CPU.Build.0 = Debug|Any CPU
		{223F771A-D083-4D73-B0FF-B2FA7AF8DA09}.Debug|x64.ActiveCfg = Debug|Any CPU
		{223F771A-D083-4D73-B0FF-B2FA7AF8DA09}.Debug|x64.Build.0 = Debug|Any CPU
		{223F771A-D083-4D73-B0FF-B2FA7AF8DA09}.Debug|x86.ActiveCfg = Debug|Any CPU
		{223F771A-D083-4D73-B0FF-B2FA7AF8DA09}.Debug|x86.Build.0 = Debug|Any CPU
		{223F771A-D083-4D73-B0FF-B2FA7AF8DA09}.Release|Any CPU.ActiveCfg = Release|Any CPU
		{223F771A-D083-4D73-B0FF-B2FA7AF8DA09}.Release|Any CPU.Build.0 = Release|Any CPU
		{223F771A-D083-4D73-B0FF-B2FA7AF8DA09}.Release|x64.ActiveCfg = Release|Any CPU
		{223F771A-D083-4D73-B0FF-B2FA7AF8DA09}.Release|x64.Build.0 = Release|Any CPU
		{223F771A-D083-4D73-B0FF-B2FA7AF8DA09}.Release|x86.ActiveCfg = Release|Any CPU
		{223F771A-D083-4D73-B0FF-B2FA7AF8DA09}.Release|x86.Build.0 = Release|Any CPU
		{7CFF7D72-9938-4C1C-A062-3F973889CE93}.Debug|Any CPU.ActiveCfg = Debug|Any CPU
		{7CFF7D72-9938-4C1C-A062-3F973889CE93}.Debug|Any CPU.Build.0 = Debug|Any CPU
		{7CFF7D72-9938-4C1C-A062-3F973889CE93}.Debug|x64.ActiveCfg = Debug|Any CPU
		{7CFF7D72-9938-4C1C-A062-3F973889CE93}.Debug|x64.Build.0 = Debug|Any CPU
		{7CFF7D72-9938-4C1C-A062-3F973889CE93}.Debug|x86.ActiveCfg = Debug|Any CPU
		{7CFF7D72-9938-4C1C-A062-3F973889CE93}.Debug|x86.Build.0 = Debug|Any CPU
		{7CFF7D72-9938-4C1C-A062-3F973889CE93}.Release|Any CPU.ActiveCfg = Release|Any CPU
		{7CFF7D72-9938-4C1C-A062-3F973889CE93}.Release|Any CPU.Build.0 = Release|Any CPU
		{7CFF7D72-9938-4C1C-A062-3F973889CE93}.Release|x64.ActiveCfg = Release|Any CPU
		{7CFF7D72-9938-4C1C-A062-3F973889CE93}.Release|x64.Build.0 = Release|Any CPU
		{7CFF7D72-9938-4C1C-A062-3F973889CE93}.Release|x86.ActiveCfg = Release|Any CPU
		{7CFF7D72-9938-4C1C-A062-3F973889CE93}.Release|x86.Build.0 = Release|Any CPU
		{82AE5A0D-6D7C-4ED2-B1A9-886129FC41DF}.Debug|Any CPU.ActiveCfg = Debug|Any CPU
		{82AE5A0D-6D7C-4ED2-B1A9-886129FC41DF}.Debug|Any CPU.Build.0 = Debug|Any CPU
		{82AE5A0D-6D7C-4ED2-B1A9-886129FC41DF}.Debug|x64.ActiveCfg = Debug|Any CPU
		{82AE5A0D-6D7C-4ED2-B1A9-886129FC41DF}.Debug|x64.Build.0 = Debug|Any CPU
		{82AE5A0D-6D7C-4ED2-B1A9-886129FC41DF}.Debug|x86.ActiveCfg = Debug|Any CPU
		{82AE5A0D-6D7C-4ED2-B1A9-886129FC41DF}.Debug|x86.Build.0 = Debug|Any CPU
		{82AE5A0D-6D7C-4ED2-B1A9-886129FC41DF}.Release|Any CPU.ActiveCfg = Release|Any CPU
		{82AE5A0D-6D7C-4ED2-B1A9-886129FC41DF}.Release|Any CPU.Build.0 = Release|Any CPU
		{82AE5A0D-6D7C-4ED2-B1A9-886129FC41DF}.Release|x64.ActiveCfg = Release|Any CPU
		{82AE5A0D-6D7C-4ED2-B1A9-886129FC41DF}.Release|x64.Build.0 = Release|Any CPU
		{82AE5A0D-6D7C-4ED2-B1A9-886129FC41DF}.Release|x86.ActiveCfg = Release|Any CPU
		{82AE5A0D-6D7C-4ED2-B1A9-886129FC41DF}.Release|x86.Build.0 = Release|Any CPU
		{03B0AC76-88EE-4C44-824D-7F9ACC02E4BC}.Debug|Any CPU.ActiveCfg = Debug|Any CPU
		{03B0AC76-88EE-4C44-824D-7F9ACC02E4BC}.Debug|Any CPU.Build.0 = Debug|Any CPU
		{03B0AC76-88EE-4C44-824D-7F9ACC02E4BC}.Debug|x64.ActiveCfg = Debug|Any CPU
		{03B0AC76-88EE-4C44-824D-7F9ACC02E4BC}.Debug|x64.Build.0 = Debug|Any CPU
		{03B0AC76-88EE-4C44-824D-7F9ACC02E4BC}.Debug|x86.ActiveCfg = Debug|Any CPU
		{03B0AC76-88EE-4C44-824D-7F9ACC02E4BC}.Debug|x86.Build.0 = Debug|Any CPU
		{03B0AC76-88EE-4C44-824D-7F9ACC02E4BC}.Release|Any CPU.ActiveCfg = Release|Any CPU
		{03B0AC76-88EE-4C44-824D-7F9ACC02E4BC}.Release|Any CPU.Build.0 = Release|Any CPU
		{03B0AC76-88EE-4C44-824D-7F9ACC02E4BC}.Release|x64.ActiveCfg = Release|Any CPU
		{03B0AC76-88EE-4C44-824D-7F9ACC02E4BC}.Release|x64.Build.0 = Release|Any CPU
		{03B0AC76-88EE-4C44-824D-7F9ACC02E4BC}.Release|x86.ActiveCfg = Release|Any CPU
		{03B0AC76-88EE-4C44-824D-7F9ACC02E4BC}.Release|x86.Build.0 = Release|Any CPU
		{9D1C4775-7F29-4B0B-83C6-A157D7536ECB}.Debug|Any CPU.ActiveCfg = Debug|Any CPU
		{9D1C4775-7F29-4B0B-83C6-A157D7536ECB}.Debug|Any CPU.Build.0 = Debug|Any CPU
		{9D1C4775-7F29-4B0B-83C6-A157D7536ECB}.Debug|x64.ActiveCfg = Debug|Any CPU
		{9D1C4775-7F29-4B0B-83C6-A157D7536ECB}.Debug|x64.Build.0 = Debug|Any CPU
		{9D1C4775-7F29-4B0B-83C6-A157D7536ECB}.Debug|x86.ActiveCfg = Debug|Any CPU
		{9D1C4775-7F29-4B0B-83C6-A157D7536ECB}.Debug|x86.Build.0 = Debug|Any CPU
		{9D1C4775-7F29-4B0B-83C6-A157D7536ECB}.Release|Any CPU.ActiveCfg = Release|Any CPU
		{9D1C4775-7F29-4B0B-83C6-A157D7536ECB}.Release|Any CPU.Build.0 = Release|Any CPU
		{9D1C4775-7F29-4B0B-83C6-A157D7536ECB}.Release|x64.ActiveCfg = Release|Any CPU
		{9D1C4775-7F29-4B0B-83C6-A157D7536ECB}.Release|x64.Build.0 = Release|Any CPU
		{9D1C4775-7F29-4B0B-83C6-A157D7536ECB}.Release|x86.ActiveCfg = Release|Any CPU
		{9D1C4775-7F29-4B0B-83C6-A157D7536ECB}.Release|x86.Build.0 = Release|Any CPU
		{BBEF6F82-24EF-490C-9180-5F590C46F929}.Debug|Any CPU.ActiveCfg = Debug|Any CPU
		{BBEF6F82-24EF-490C-9180-5F590C46F929}.Debug|Any CPU.Build.0 = Debug|Any CPU
		{BBEF6F82-24EF-490C-9180-5F590C46F929}.Debug|x64.ActiveCfg = Debug|Any CPU
		{BBEF6F82-24EF-490C-9180-5F590C46F929}.Debug|x64.Build.0 = Debug|Any CPU
		{BBEF6F82-24EF-490C-9180-5F590C46F929}.Debug|x86.ActiveCfg = Debug|Any CPU
		{BBEF6F82-24EF-490C-9180-5F590C46F929}.Debug|x86.Build.0 = Debug|Any CPU
		{BBEF6F82-24EF-490C-9180-5F590C46F929}.Release|Any CPU.ActiveCfg = Release|Any CPU
		{BBEF6F82-24EF-490C-9180-5F590C46F929}.Release|Any CPU.Build.0 = Release|Any CPU
		{BBEF6F82-24EF-490C-9180-5F590C46F929}.Release|x64.ActiveCfg = Release|Any CPU
		{BBEF6F82-24EF-490C-9180-5F590C46F929}.Release|x64.Build.0 = Release|Any CPU
		{BBEF6F82-24EF-490C-9180-5F590C46F929}.Release|x86.ActiveCfg = Release|Any CPU
		{BBEF6F82-24EF-490C-9180-5F590C46F929}.Release|x86.Build.0 = Release|Any CPU
		{D80648FE-60E9-44A1-A158-49DAE0DA6D01}.Debug|Any CPU.ActiveCfg = Debug|Any CPU
		{D80648FE-60E9-44A1-A158-49DAE0DA6D01}.Debug|Any CPU.Build.0 = Debug|Any CPU
		{D80648FE-60E9-44A1-A158-49DAE0DA6D01}.Debug|x64.ActiveCfg = Debug|Any CPU
		{D80648FE-60E9-44A1-A158-49DAE0DA6D01}.Debug|x64.Build.0 = Debug|Any CPU
		{D80648FE-60E9-44A1-A158-49DAE0DA6D01}.Debug|x86.ActiveCfg = Debug|Any CPU
		{D80648FE-60E9-44A1-A158-49DAE0DA6D01}.Debug|x86.Build.0 = Debug|Any CPU
		{D80648FE-60E9-44A1-A158-49DAE0DA6D01}.Release|Any CPU.ActiveCfg = Release|Any CPU
		{D80648FE-60E9-44A1-A158-49DAE0DA6D01}.Release|Any CPU.Build.0 = Release|Any CPU
		{D80648FE-60E9-44A1-A158-49DAE0DA6D01}.Release|x64.ActiveCfg = Release|Any CPU
		{D80648FE-60E9-44A1-A158-49DAE0DA6D01}.Release|x64.Build.0 = Release|Any CPU
		{D80648FE-60E9-44A1-A158-49DAE0DA6D01}.Release|x86.ActiveCfg = Release|Any CPU
		{D80648FE-60E9-44A1-A158-49DAE0DA6D01}.Release|x86.Build.0 = Release|Any CPU
		{9BCBB433-4213-4D03-9F6F-DE0D9045D3E2}.Debug|Any CPU.ActiveCfg = Debug|Any CPU
		{9BCBB433-4213-4D03-9F6F-DE0D9045D3E2}.Debug|Any CPU.Build.0 = Debug|Any CPU
		{9BCBB433-4213-4D03-9F6F-DE0D9045D3E2}.Debug|x64.ActiveCfg = Debug|Any CPU
		{9BCBB433-4213-4D03-9F6F-DE0D9045D3E2}.Debug|x64.Build.0 = Debug|Any CPU
		{9BCBB433-4213-4D03-9F6F-DE0D9045D3E2}.Debug|x86.ActiveCfg = Debug|Any CPU
		{9BCBB433-4213-4D03-9F6F-DE0D9045D3E2}.Debug|x86.Build.0 = Debug|Any CPU
		{9BCBB433-4213-4D03-9F6F-DE0D9045D3E2}.Release|Any CPU.ActiveCfg = Release|Any CPU
		{9BCBB433-4213-4D03-9F6F-DE0D9045D3E2}.Release|Any CPU.Build.0 = Release|Any CPU
		{9BCBB433-4213-4D03-9F6F-DE0D9045D3E2}.Release|x64.ActiveCfg = Release|Any CPU
		{9BCBB433-4213-4D03-9F6F-DE0D9045D3E2}.Release|x64.Build.0 = Release|Any CPU
		{9BCBB433-4213-4D03-9F6F-DE0D9045D3E2}.Release|x86.ActiveCfg = Release|Any CPU
		{9BCBB433-4213-4D03-9F6F-DE0D9045D3E2}.Release|x86.Build.0 = Release|Any CPU
		{2E8F05ED-2D0D-42EA-9DF0-4520FC3E5432}.Debug|Any CPU.ActiveCfg = Debug|Any CPU
		{2E8F05ED-2D0D-42EA-9DF0-4520FC3E5432}.Debug|Any CPU.Build.0 = Debug|Any CPU
		{2E8F05ED-2D0D-42EA-9DF0-4520FC3E5432}.Debug|x64.ActiveCfg = Debug|Any CPU
		{2E8F05ED-2D0D-42EA-9DF0-4520FC3E5432}.Debug|x64.Build.0 = Debug|Any CPU
		{2E8F05ED-2D0D-42EA-9DF0-4520FC3E5432}.Debug|x86.ActiveCfg = Debug|Any CPU
		{2E8F05ED-2D0D-42EA-9DF0-4520FC3E5432}.Debug|x86.Build.0 = Debug|Any CPU
		{2E8F05ED-2D0D-42EA-9DF0-4520FC3E5432}.Release|Any CPU.ActiveCfg = Release|Any CPU
		{2E8F05ED-2D0D-42EA-9DF0-4520FC3E5432}.Release|Any CPU.Build.0 = Release|Any CPU
		{2E8F05ED-2D0D-42EA-9DF0-4520FC3E5432}.Release|x64.ActiveCfg = Release|Any CPU
		{2E8F05ED-2D0D-42EA-9DF0-4520FC3E5432}.Release|x64.Build.0 = Release|Any CPU
		{2E8F05ED-2D0D-42EA-9DF0-4520FC3E5432}.Release|x86.ActiveCfg = Release|Any CPU
		{2E8F05ED-2D0D-42EA-9DF0-4520FC3E5432}.Release|x86.Build.0 = Release|Any CPU
		{88AB1BD5-0D44-40AC-AB74-8B9029A3B8B2}.Debug|Any CPU.ActiveCfg = Debug|Any CPU
		{88AB1BD5-0D44-40AC-AB74-8B9029A3B8B2}.Debug|Any CPU.Build.0 = Debug|Any CPU
		{88AB1BD5-0D44-40AC-AB74-8B9029A3B8B2}.Debug|x64.ActiveCfg = Debug|Any CPU
		{88AB1BD5-0D44-40AC-AB74-8B9029A3B8B2}.Debug|x64.Build.0 = Debug|Any CPU
		{88AB1BD5-0D44-40AC-AB74-8B9029A3B8B2}.Debug|x86.ActiveCfg = Debug|Any CPU
		{88AB1BD5-0D44-40AC-AB74-8B9029A3B8B2}.Debug|x86.Build.0 = Debug|Any CPU
		{88AB1BD5-0D44-40AC-AB74-8B9029A3B8B2}.Release|Any CPU.ActiveCfg = Release|Any CPU
		{88AB1BD5-0D44-40AC-AB74-8B9029A3B8B2}.Release|Any CPU.Build.0 = Release|Any CPU
		{88AB1BD5-0D44-40AC-AB74-8B9029A3B8B2}.Release|x64.ActiveCfg = Release|Any CPU
		{88AB1BD5-0D44-40AC-AB74-8B9029A3B8B2}.Release|x64.Build.0 = Release|Any CPU
		{88AB1BD5-0D44-40AC-AB74-8B9029A3B8B2}.Release|x86.ActiveCfg = Release|Any CPU
		{88AB1BD5-0D44-40AC-AB74-8B9029A3B8B2}.Release|x86.Build.0 = Release|Any CPU
	EndGlobalSection
	GlobalSection(SolutionProperties) = preSolution
		HideSolutionNode = FALSE
	EndGlobalSection
	GlobalSection(NestedProjects) = preSolution
		{5BAB31A7-E136-4580-9D56-7C355E1E2578} = {827E0CD3-B72D-47B6-A68D-7590B98EB39B}
		{DA9DF242-823D-44D7-AC20-08B0BFEC1727} = {827E0CD3-B72D-47B6-A68D-7590B98EB39B}
		{CF5B4189-F717-43C1-AA74-261DDD39BC27} = {827E0CD3-B72D-47B6-A68D-7590B98EB39B}
		{C6B0FC02-8462-45EA-AADB-397ED94AA64C} = {827E0CD3-B72D-47B6-A68D-7590B98EB39B}
		{4CCC577C-6398-47FE-A49D-1E7F50787629} = {827E0CD3-B72D-47B6-A68D-7590B98EB39B}
		{FCCCAF1E-B4DD-4E5A-AD15-E3336F492FC2} = {827E0CD3-B72D-47B6-A68D-7590B98EB39B}
		{66C732D2-FAA9-47C4-9310-6968F067CC08} = {E9B127F5-8973-49B0-B933-1E589C0E7ECF}
		{FD286AED-2BED-4D46-AB8B-54506F030C4F} = {827E0CD3-B72D-47B6-A68D-7590B98EB39B}
		{2C898949-7EFF-9F65-C182-0D33719A954D} = {827E0CD3-B72D-47B6-A68D-7590B98EB39B}
		{3A7AE24F-D5A1-42BE-A12C-8DBD58FEC728} = {E9B127F5-8973-49B0-B933-1E589C0E7ECF}
		{223F771A-D083-4D73-B0FF-B2FA7AF8DA09} = {827E0CD3-B72D-47B6-A68D-7590B98EB39B}
		{7CFF7D72-9938-4C1C-A062-3F973889CE93} = {E9B127F5-8973-49B0-B933-1E589C0E7ECF}
		{82AE5A0D-6D7C-4ED2-B1A9-886129FC41DF} = {81004BB9-3CF3-F33A-9A98-8EA950F2AE61}
		{03B0AC76-88EE-4C44-824D-7F9ACC02E4BC} = {827E0CD3-B72D-47B6-A68D-7590B98EB39B}
		{9D1C4775-7F29-4B0B-83C6-A157D7536ECB} = {278F3FFB-8C21-435B-507F-61B78986A400}
		{BBEF6F82-24EF-490C-9180-5F590C46F929} = {278F3FFB-8C21-435B-507F-61B78986A400}
		{D80648FE-60E9-44A1-A158-49DAE0DA6D01} = {278F3FFB-8C21-435B-507F-61B78986A400}
		{9BCBB433-4213-4D03-9F6F-DE0D9045D3E2} = {81004BB9-3CF3-F33A-9A98-8EA950F2AE61}
		{2E8F05ED-2D0D-42EA-9DF0-4520FC3E5432} = {E9B127F5-8973-49B0-B933-1E589C0E7ECF}
		{88AB1BD5-0D44-40AC-AB74-8B9029A3B8B2} = {E9B127F5-8973-49B0-B933-1E589C0E7ECF}
	EndGlobalSection
EndGlobal
